Microsoft Visual Studio Solution File, Format Version 12.00
# Visual Studio Version 17
VisualStudioVersion = 17.5.2.0
MinimumVisualStudioVersion = 10.0.40219.1
Project("{FAE04EC0-301F-11D3-BF4B-00C04F79EFBC}") = "Web_BongDa_Login", "Web_BongDa_Login.csproj", "{3BCAC15B-F45E-357A-C68F-33C4DABC90EF}"
EndProject
Global
	GlobalSection(SolutionConfigurationPlatforms) = preSolution
		Debug|Any CPU = Debug|Any CPU
		Release|Any CPU = Release|Any CPU
	EndGlobalSection
	GlobalSection(ProjectConfigurationPlatforms) = postSolution
		{3BCAC15B-F45E-357A-C68F-33C4DABC90EF}.Debug|Any CPU.ActiveCfg = Debug|Any CPU
		{3BCAC15B-F45E-357A-C68F-33C4DABC90EF}.Debug|Any CPU.Build.0 = Debug|Any CPU
		{3BCAC15B-F45E-357A-C68F-33C4DABC90EF}.Release|Any CPU.ActiveCfg = Release|Any CPU
		{3BCAC15B-F45E-357A-C68F-33C4DABC90EF}.Release|Any CPU.Build.0 = Release|Any CPU
	EndGlobalSection
	GlobalSection(SolutionProperties) = preSolution
		HideSolutionNode = FALSE
	EndGlobalSection
	GlobalSection(ExtensibilityGlobals) = postSolution
		SolutionGuid = {02E6142F-2A18-4932-8F7A-22F86BF417FA}
	EndGlobalSection
EndGlobal
